
Microsoft Visual Studio Solution File, Format Version 12.00
# Visual Studio Version 16
VisualStudioVersion = 16.0.29728.190
MinimumVisualStudioVersion = 10.0.40219.1
Project("{9A19103F-16F7-4668-BE54-9A1E7A4F7556}") = "GrAssignment", "GrAssignment\GrAssignment.csproj", "{903269B7-0151-4B45-9815-4F1D35847860}"
EndProject
Project("{2150E333-8FDC-42A3-9474-1A3956D46DE8}") = "Business Logic", "Business Logic", "{F28ADB1D-284D-4B31-83C4-87BDC0D12900}"
EndProject
Project("{2150E333-8FDC-42A3-9474-1A3956D46DE8}") = "Data Logic", "Data Logic", "{41B73C40-0D9A-432B-85AE-127AE55F4545}"
EndProject
Project("{2150E333-8FDC-42A3-9474-1A3956D46DE8}") = "Model", "Model", "{53C6F84B-DAFE-4CF6-A497-01162E93790F}"
EndProject
Project("{9A19103F-16F7-4668-BE54-9A1E7A4F7556}") = "Gr.Model", "Gr.Model\Gr.Model.csproj", "{82C8381D-DC65-4FE9-A8FD-EE9335F2703F}"
EndProject
Project("{9A19103F-16F7-4668-BE54-9A1E7A4F7556}") = "Gr.Domain", "Gr.Domain\Gr.Domain.csproj", "{942BA3B4-2D30-4D31-AE12-0072E5D4AF8D}"
EndProject
Project("{9A19103F-16F7-4668-BE54-9A1E7A4F7556}") = "Gr.Domain.Implementation", "Gr.Domain.Implementation\Gr.Domain.Implementation.csproj", "{B3CA2CFC-0781-484B-B62C-3A9A853CFCEB}"
EndProject
Project("{9A19103F-16F7-4668-BE54-9A1E7A4F7556}") = "Gr.Data", "Gr.Data\Gr.Data.csproj", "{4582CF21-AAB8-41B0-86A7-BDB8032ADD20}"
EndProject
Project("{9A19103F-16F7-4668-BE54-9A1E7A4F7556}") = "Gr.Data.MySql", "Gr.Data.MySql\Gr.Data.MySql.csproj", "{C3D2A444-2A7B-4ECC-A14B-7AECF6343B6D}"
EndProject
Project("{9A19103F-16F7-4668-BE54-9A1E7A4F7556}") = "Gr.Data.MongoDB", "Gr.Data.MongoDB\Gr.Data.MongoDB.csproj", "{DA289C6F-7F86-47FD-A5B7-2981BB1CB116}"
EndProject
Project("{9A19103F-16F7-4668-BE54-9A1E7A4F7556}") = "Gr.Data.Entities", "Gr.Data.Entities\Gr.Data.Entities.csproj", "{1D1F4643-8EA7-44BD-AD9E-37624A157A27}"
EndProject
Project("{2150E333-8FDC-42A3-9474-1A3956D46DE8}") = "Enums", "Enums", "{C9F3F492-2BC3-459A-8949-6B0542DC9419}"
EndProject
Project("{9A19103F-16F7-4668-BE54-9A1E7A4F7556}") = "Gr.Enums", "Gr.Enums\Gr.Enums.csproj", "{1159F187-08F2-4E51-8815-7F8E65CE2C14}"
EndProject
Project("{2150E333-8FDC-42A3-9474-1A3956D46DE8}") = "Library", "Library", "{74F293ED-F848-4F7E-B1A0-62F8B8AFBE57}"
EndProject
Project("{9A19103F-16F7-4668-BE54-9A1E7A4F7556}") = "Gr.Exceptions", "Gr.Exceptions\Gr.Exceptions.csproj", "{15C8333A-882F-4A05-A1DF-5FFFE92EE7E6}"
EndProject
Project("{9A19103F-16F7-4668-BE54-9A1E7A4F7556}") = "Gr.Domain.Implementation.Test", "Gr.Domain.Implementation.Test\Gr.Domain.Implementation.Test.csproj", "{76A53936-7693-44E5-9858-8ABA3A52E4E1}"
EndProject
Global
	GlobalSection(SolutionConfigurationPlatforms) = preSolution
		Debug|Any CPU = Debug|Any CPU
		Release|Any CPU = Release|Any CPU
	EndGlobalSection
	GlobalSection(ProjectConfigurationPlatforms) = postSolution
		{903269B7-0151-4B45-9815-4F1D35847860}.Debug|Any CPU.ActiveCfg = Debug|Any CPU
		{903269B7-0151-4B45-9815-4F1D35847860}.Debug|Any CPU.Build.0 = Debug|Any CPU
		{903269B7-0151-4B45-9815-4F1D35847860}.Release|Any CPU.ActiveCfg = Release|Any CPU
		{903269B7-0151-4B45-9815-4F1D35847860}.Release|Any CPU.Build.0 = Release|Any CPU
		{82C8381D-DC65-4FE9-A8FD-EE9335F2703F}.Debug|Any CPU.ActiveCfg = Debug|Any CPU
		{82C8381D-DC65-4FE9-A8FD-EE9335F2703F}.Debug|Any CPU.Build.0 = Debug|Any CPU
		{82C8381D-DC65-4FE9-A8FD-EE9335F2703F}.Release|Any CPU.ActiveCfg = Release|Any CPU
		{82C8381D-DC65-4FE9-A8FD-EE9335F2703F}.Release|Any CPU.Build.0 = Release|Any CPU
		{942BA3B4-2D30-4D31-AE12-0072E5D4AF8D}.Debug|Any CPU.ActiveCfg = Debug|Any CPU
		{942BA3B4-2D30-4D31-AE12-0072E5D4AF8D}.Debug|Any CPU.Build.0 = Debug|Any CPU
		{942BA3B4-2D30-4D31-AE12-0072E5D4AF8D}.Release|Any CPU.ActiveCfg = Release|Any CPU
		{942BA3B4-2D30-4D31-AE12-0072E5D4AF8D}.Release|Any CPU.Build.0 = Release|Any CPU
		{B3CA2CFC-0781-484B-B62C-3A9A853CFCEB}.Debug|Any CPU.ActiveCfg = Debug|Any CPU
		{B3CA2CFC-0781-484B-B62C-3A9A853CFCEB}.Debug|Any CPU.Build.0 = Debug|Any CPU
		{B3CA2CFC-0781-484B-B62C-3A9A853CFCEB}.Release|Any CPU.ActiveCfg = Release|Any CPU
		{B3CA2CFC-0781-484B-B62C-3A9A853CFCEB}.Release|Any CPU.Build.0 = Release|Any CPU
		{4582CF21-AAB8-41B0-86A7-BDB8032ADD20}.Debug|Any CPU.ActiveCfg = Debug|Any CPU
		{4582CF21-AAB8-41B0-86A7-BDB8032ADD20}.Debug|Any CPU.Build.0 = Debug|Any CPU
		{4582CF21-AAB8-41B0-86A7-BDB8032ADD20}.Release|Any CPU.ActiveCfg = Release|Any CPU
		{4582CF21-AAB8-41B0-86A7-BDB8032ADD20}.Release|Any CPU.Build.0 = Release|Any CPU
		{C3D2A444-2A7B-4ECC-A14B-7AECF6343B6D}.Debug|Any CPU.ActiveCfg = Debug|Any CPU
		{C3D2A444-2A7B-4ECC-A14B-7AECF6343B6D}.Debug|Any CPU.Build.0 = Debug|Any CPU
		{C3D2A444-2A7B-4ECC-A14B-7AECF6343B6D}.Release|Any CPU.ActiveCfg = Release|Any CPU
		{C3D2A444-2A7B-4ECC-A14B-7AECF6343B6D}.Release|Any CPU.Build.0 = Release|Any CPU
		{DA289C6F-7F86-47FD-A5B7-2981BB1CB116}.Debug|Any CPU.ActiveCfg = Debug|Any CPU
		{DA289C6F-7F86-47FD-A5B7-2981BB1CB116}.Debug|Any CPU.Build.0 = Debug|Any CPU
		{DA289C6F-7F86-47FD-A5B7-2981BB1CB116}.Release|Any CPU.ActiveCfg = Release|Any CPU
		{DA289C6F-7F86-47FD-A5B7-2981BB1CB116}.Release|Any CPU.Build.0 = Release|Any CPU
		{1D1F4643-8EA7-44BD-AD9E-37624A157A27}.Debug|Any CPU.ActiveCfg = Debug|Any CPU
		{1D1F4643-8EA7-44BD-AD9E-37624A157A27}.Debug|Any CPU.Build.0 = Debug|Any CPU
		{1D1F4643-8EA7-44BD-AD9E-37624A157A27}.Release|Any CPU.ActiveCfg = Release|Any CPU
		{1D1F4643-8EA7-44BD-AD9E-37624A157A27}.Release|Any CPU.Build.0 = Release|Any CPU
		{1159F187-08F2-4E51-8815-7F8E65CE2C14}.Debug|Any CPU.ActiveCfg = Debug|Any CPU
		{1159F187-08F2-4E51-8815-7F8E65CE2C14}.Debug|Any CPU.Build.0 = Debug|Any CPU
		{1159F187-08F2-4E51-8815-7F8E65CE2C14}.Release|Any CPU.ActiveCfg = Release|Any CPU
		{1159F187-08F2-4E51-8815-7F8E65CE2C14}.Release|Any CPU.Build.0 = Release|Any CPU
		{15C8333A-882F-4A05-A1DF-5FFFE92EE7E6}.Debug|Any CPU.ActiveCfg = Debug|Any CPU
		{15C8333A-882F-4A05-A1DF-5FFFE92EE7E6}.Debug|Any CPU.Build.0 = Debug|Any CPU
		{15C8333A-882F-4A05-A1DF-5FFFE92EE7E6}.Release|Any CPU.ActiveCfg = Release|Any CPU
		{15C8333A-882F-4A05-A1DF-5FFFE92EE7E6}.Release|Any CPU.Build.0 = Release|Any CPU
		{76A53936-7693-44E5-9858-8ABA3A52E4E1}.Debug|Any CPU.ActiveCfg = Debug|Any CPU
		{76A53936-7693-44E5-9858-8ABA3A52E4E1}.Debug|Any CPU.Build.0 = Debug|Any CPU
		{76A53936-7693-44E5-9858-8ABA3A52E4E1}.Release|Any CPU.ActiveCfg = Release|Any CPU
		{76A53936-7693-44E5-9858-8ABA3A52E4E1}.Release|Any CPU.Build.0 = Release|Any CPU
	EndGlobalSection
	GlobalSection(SolutionProperties) = preSolution
		HideSolutionNode = FALSE
	EndGlobalSection
	GlobalSection(NestedProjects) = preSolution
		{82C8381D-DC65-4FE9-A8FD-EE9335F2703F} = {53C6F84B-DAFE-4CF6-A497-01162E93790F}
		{942BA3B4-2D30-4D31-AE12-0072E5D4AF8D} = {F28ADB1D-284D-4B31-83C4-87BDC0D12900}
		{B3CA2CFC-0781-484B-B62C-3A9A853CFCEB} = {F28ADB1D-284D-4B31-83C4-87BDC0D12900}
		{4582CF21-AAB8-41B0-86A7-BDB8032ADD20} = {41B73C40-0D9A-432B-85AE-127AE55F4545}
		{C3D2A444-2A7B-4ECC-A14B-7AECF6343B6D} = {41B73C40-0D9A-432B-85AE-127AE55F4545}
		{DA289C6F-7F86-47FD-A5B7-2981BB1CB116} = {41B73C40-0D9A-432B-85AE-127AE55F4545}
		{1D1F4643-8EA7-44BD-AD9E-37624A157A27} = {41B73C40-0D9A-432B-85AE-127AE55F4545}
		{1159F187-08F2-4E51-8815-7F8E65CE2C14} = {C9F3F492-2BC3-459A-8949-6B0542DC9419}
		{15C8333A-882F-4A05-A1DF-5FFFE92EE7E6} = {74F293ED-F848-4F7E-B1A0-62F8B8AFBE57}
		{76A53936-7693-44E5-9858-8ABA3A52E4E1} = {F28ADB1D-284D-4B31-83C4-87BDC0D12900}
	EndGlobalSection
	GlobalSection(ExtensibilityGlobals) = postSolution
		SolutionGuid = {2849E48E-9100-4C5D-BD1F-67DC95548B75}
	EndGlobalSection
EndGlobal
